
Microsoft Visual Studio Solution File, Format Version 12.00
# Visual Studio Version 16
VisualStudioVersion = 16.0.30114.105
MinimumVisualStudioVersion = 10.0.40219.1
Project("{8BC9CEB8-8B4A-11D0-8D11-00A0C91BC942}") = "TestDLL", "Examples\TestDLL\TestDLL.vcxproj", "{0B177D49-8E6C-4128-BB68-F33BF814F321}"
EndProject
Project("{8BC9CEB8-8B4A-11D0-8D11-00A0C91BC942}") = "RichPresence", "Examples\RichPresence\RichPresence.vcxproj", "{8882E4EA-8840-4B1F-8615-214FCB674490}"
EndProject
Project("{8BC9CEB8-8B4A-11D0-8D11-00A0C91BC942}") = "Randomizer", "Examples\Randomizer\Randomizer.vcxproj", "{52AD30E9-406E-4E73-A9B7-D5C7FF816754}"
EndProject
Project("{8BC9CEB8-8B4A-11D0-8D11-00A0C91BC942}") = "Speedhack", "Examples\Speedhack\Speedhack.vcxproj", "{99C37048-3FF6-4706-AA06-F1727C3F5190}"
EndProject
Project("{8BC9CEB8-8B4A-11D0-8D11-00A0C91BC942}") = "HypersonicTowers", "Examples\HypersonicTowers\HypersonicTowers.vcxproj", "{6DCB521C-2640-4DF7-B816-9215B3DE2CD1}"
EndProject
Project("{8BC9CEB8-8B4A-11D0-8D11-00A0C91BC942}") = "MasteryMode", "Examples\MasteryMode\MasteryMode.vcxproj", "{89618F74-2503-4B4E-92A7-3434C00271EC}"
EndProject
Project("{8BC9CEB8-8B4A-11D0-8D11-00A0C91BC942}") = "SharedPCH", "SharedPCH\SharedPCH.vcxproj", "{567C4DC5-7F4A-48EC-8CE1-75D3F74B15C0}"
EndProject
Project("{2150E333-8FDC-42A3-9474-1A3956D46DE8}") = "il2cpp", "il2cpp", "{84B7505F-48B0-4015-8FBB-D5B324B6EA7A}"
	ProjectSection(SolutionItems) = preProject
		il2cpp\il2cpp-api-functions-ptr.h = il2cpp\il2cpp-api-functions-ptr.h
		il2cpp\il2cpp-api-functions.h = il2cpp\il2cpp-api-functions.h
		il2cpp\il2cpp-functions.h = il2cpp\il2cpp-functions.h
		il2cpp\il2cpp-init.h = il2cpp\il2cpp-init.h
		il2cpp\il2cpp-types-ptr.h = il2cpp\il2cpp-types-ptr.h
		il2cpp\il2cpp-types.h = il2cpp\il2cpp-types.h
		il2cpp\il2cpp-utils.hpp = il2cpp\il2cpp-utils.hpp
	EndProjectSection
EndProject
Global
	GlobalSection(SolutionConfigurationPlatforms) = preSolution
		Debug|Any CPU = Debug|Any CPU
		Debug|x64 = Debug|x64
		Debug|x86 = Debug|x86
		Release|Any CPU = Release|Any CPU
		Release|x64 = Release|x64
		Release|x86 = Release|x86
	EndGlobalSection
	GlobalSection(ProjectConfigurationPlatforms) = postSolution
		{0B177D49-8E6C-4128-BB68-F33BF814F321}.Debug|Any CPU.ActiveCfg = Debug|Win32
		{0B177D49-8E6C-4128-BB68-F33BF814F321}.Debug|x64.ActiveCfg = Debug|x64
		{0B177D49-8E6C-4128-BB68-F33BF814F321}.Debug|x64.Build.0 = Debug|x64
		{0B177D49-8E6C-4128-BB68-F33BF814F321}.Debug|x86.ActiveCfg = Debug|Win32
		{0B177D49-8E6C-4128-BB68-F33BF814F321}.Debug|x86.Build.0 = Debug|Win32
		{0B177D49-8E6C-4128-BB68-F33BF814F321}.Release|Any CPU.ActiveCfg = Release|Win32
		{0B177D49-8E6C-4128-BB68-F33BF814F321}.Release|x64.ActiveCfg = Release|x64
		{0B177D49-8E6C-4128-BB68-F33BF814F321}.Release|x64.Build.0 = Release|x64
		{0B177D49-8E6C-4128-BB68-F33BF814F321}.Release|x86.ActiveCfg = Release|Win32
		{0B177D49-8E6C-4128-BB68-F33BF814F321}.Release|x86.Build.0 = Release|Win32
		{8882E4EA-8840-4B1F-8615-214FCB674490}.Debug|Any CPU.ActiveCfg = Debug|Win32
		{8882E4EA-8840-4B1F-8615-214FCB674490}.Debug|x64.ActiveCfg = Debug|x64
		{8882E4EA-8840-4B1F-8615-214FCB674490}.Debug|x64.Build.0 = Debug|x64
		{8882E4EA-8840-4B1F-8615-214FCB674490}.Debug|x86.ActiveCfg = Debug|Win32
		{8882E4EA-8840-4B1F-8615-214FCB674490}.Debug|x86.Build.0 = Debug|Win32
		{8882E4EA-8840-4B1F-8615-214FCB674490}.Release|Any CPU.ActiveCfg = Release|Win32
		{8882E4EA-8840-4B1F-8615-214FCB674490}.Release|x64.ActiveCfg = Release|x64
		{8882E4EA-8840-4B1F-8615-214FCB674490}.Release|x64.Build.0 = Release|x64
		{8882E4EA-8840-4B1F-8615-214FCB674490}.Release|x86.ActiveCfg = Release|Win32
		{8882E4EA-8840-4B1F-8615-214FCB674490}.Release|x86.Build.0 = Release|Win32
		{52AD30E9-406E-4E73-A9B7-D5C7FF816754}.Debug|Any CPU.ActiveCfg = Debug|Win32
		{52AD30E9-406E-4E73-A9B7-D5C7FF816754}.Debug|x64.ActiveCfg = Debug|x64
		{52AD30E9-406E-4E73-A9B7-D5C7FF816754}.Debug|x64.Build.0 = Debug|x64
		{52AD30E9-406E-4E73-A9B7-D5C7FF816754}.Debug|x86.ActiveCfg = Debug|Win32
		{52AD30E9-406E-4E73-A9B7-D5C7FF816754}.Debug|x86.Build.0 = Debug|Win32
		{52AD30E9-406E-4E73-A9B7-D5C7FF816754}.Release|Any CPU.ActiveCfg = Release|Win32
		{52AD30E9-406E-4E73-A9B7-D5C7FF816754}.Release|x64.ActiveCfg = Release|x64
		{52AD30E9-406E-4E73-A9B7-D5C7FF816754}.Release|x64.Build.0 = Release|x64
		{52AD30E9-406E-4E73-A9B7-D5C7FF816754}.Release|x86.ActiveCfg = Release|Win32
		{52AD30E9-406E-4E73-A9B7-D5C7FF816754}.Release|x86.Build.0 = Release|Win32
		{99C37048-3FF6-4706-AA06-F1727C3F5190}.Debug|Any CPU.ActiveCfg = Debug|Win32
		{99C37048-3FF6-4706-AA06-F1727C3F5190}.Debug|x64.ActiveCfg = Debug|x64
		{99C37048-3FF6-4706-AA06-F1727C3F5190}.Debug|x64.Build.0 = Debug|x64
		{99C37048-3FF6-4706-AA06-F1727C3F5190}.Debug|x86.ActiveCfg = Debug|Win32
		{99C37048-3FF6-4706-AA06-F1727C3F5190}.Debug|x86.Build.0 = Debug|Win32
		{99C37048-3FF6-4706-AA06-F1727C3F5190}.Release|Any CPU.ActiveCfg = Release|Win32
		{99C37048-3FF6-4706-AA06-F1727C3F5190}.Release|x64.ActiveCfg = Release|x64
		{99C37048-3FF6-4706-AA06-F1727C3F5190}.Release|x64.Build.0 = Release|x64
		{99C37048-3FF6-4706-AA06-F1727C3F5190}.Release|x86.ActiveCfg = Release|Win32
		{99C37048-3FF6-4706-AA06-F1727C3F5190}.Release|x86.Build.0 = Release|Win32
		{6DCB521C-2640-4DF7-B816-9215B3DE2CD1}.Debug|Any CPU.ActiveCfg = Debug|Win32
		{6DCB521C-2640-4DF7-B816-9215B3DE2CD1}.Debug|x64.ActiveCfg = Debug|x64
		{6DCB521C-2640-4DF7-B816-9215B3DE2CD1}.Debug|x64.Build.0 = Debug|x64
		{6DCB521C-2640-4DF7-B816-9215B3DE2CD1}.Debug|x86.ActiveCfg = Debug|Win32
		{6DCB521C-2640-4DF7-B816-9215B3DE2CD1}.Debug|x86.Build.0 = Debug|Win32
		{6DCB521C-2640-4DF7-B816-9215B3DE2CD1}.Release|Any CPU.ActiveCfg = Release|Win32
		{6DCB521C-2640-4DF7-B816-9215B3DE2CD1}.Release|x64.ActiveCfg = Release|x64
		{6DCB521C-2640-4DF7-B816-9215B3DE2CD1}.Release|x64.Build.0 = Release|x64
		{6DCB521C-2640-4DF7-B816-9215B3DE2CD1}.Release|x86.ActiveCfg = Release|Win32
		{6DCB521C-2640-4DF7-B816-9215B3DE2CD1}.Release|x86.Build.0 = Release|Win32
		{89618F74-2503-4B4E-92A7-3434C00271EC}.Debug|Any CPU.ActiveCfg = Debug|Win32
		{89618F74-2503-4B4E-92A7-3434C00271EC}.Debug|x64.ActiveCfg = Debug|x64
		{89618F74-2503-4B4E-92A7-3434C00271EC}.Debug|x64.Build.0 = Debug|x64
		{89618F74-2503-4B4E-92A7-3434C00271EC}.Debug|x86.ActiveCfg = Debug|Win32
		{89618F74-2503-4B4E-92A7-3434C00271EC}.Debug|x86.Build.0 = Debug|Win32
		{89618F74-2503-4B4E-92A7-3434C00271EC}.Release|Any CPU.ActiveCfg = Release|Win32
		{89618F74-2503-4B4E-92A7-3434C00271EC}.Release|x64.ActiveCfg = Release|x64
		{89618F74-2503-4B4E-92A7-3434C00271EC}.Release|x64.Build.0 = Release|x64
		{89618F74-2503-4B4E-92A7-3434C00271EC}.Release|x86.ActiveCfg = Release|Win32
		{89618F74-2503-4B4E-92A7-3434C00271EC}.Release|x86.Build.0 = Release|Win32
		{567C4DC5-7F4A-48EC-8CE1-75D3F74B15C0}.Debug|Any CPU.ActiveCfg = Debug|Win32
		{567C4DC5-7F4A-48EC-8CE1-75D3F74B15C0}.Debug|x64.ActiveCfg = Debug|x64
		{567C4DC5-7F4A-48EC-8CE1-75D3F74B15C0}.Debug|x64.Build.0 = Debug|x64
		{567C4DC5-7F4A-48EC-8CE1-75D3F74B15C0}.Debug|x86.ActiveCfg = Debug|Win32
		{567C4DC5-7F4A-48EC-8CE1-75D3F74B15C0}.Debug|x86.Build.0 = Debug|Win32
		{567C4DC5-7F4A-48EC-8CE1-75D3F74B15C0}.Release|Any CPU.ActiveCfg = Release|Win32
		{567C4DC5-7F4A-48EC-8CE1-75D3F74B15C0}.Release|x64.ActiveCfg = Release|x64
		{567C4DC5-7F4A-48EC-8CE1-75D3F74B15C0}.Release|x64.Build.0 = Release|x64
		{567C4DC5-7F4A-48EC-8CE1-75D3F74B15C0}.Release|x86.ActiveCfg = Release|Win32
		{567C4DC5-7F4A-48EC-8CE1-75D3F74B15C0}.Release|x86.Build.0 = Release|Win32
	EndGlobalSection
	GlobalSection(SolutionProperties) = preSolution
		HideSolutionNode = FALSE
	EndGlobalSection
	GlobalSection(ExtensibilityGlobals) = postSolution
		SolutionGuid = {8D091891-5E97-4A95-ACC5-FAF9E04EA49A}
	EndGlobalSection
EndGlobal
